
Microsoft Visual Studio Solution File, Format Version 12.00
# Visual Studio Version 17
VisualStudioVersion = 17.2.32630.192
MinimumVisualStudioVersion = 10.0.40219.1
Project("{9A19103F-16F7-4668-BE54-9A1E7A4F7556}") = "PHLibraryLS", "PHLibrary\PHLibraryLS.csproj", "{A67802A1-0F9C-463F-9C57-15C68FE47301}"
EndProject
Project("{9A19103F-16F7-4668-BE54-9A1E7A4F7556}") = "PHLibraryTests", "PHLibraryTests\PHLibraryTests.csproj", "{8AA93703-A2F7-451F-93D1-024CDECB6F7B}"
EndProject
Project("{9A19103F-16F7-4668-BE54-9A1E7A4F7556}") = "PHLibraryIntergrationTest", "PHLibraryIntergrationTest\PHLibraryIntergrationTest.csproj", "{4E95C7C2-A00D-4A3A-84A3-9685E68507A0}"
EndProject
Project("{9A19103F-16F7-4668-BE54-9A1E7A4F7556}") = "PHLibrary.LSExcelExport", "PHLibrary.ExcelExport\PHLibrary.LSExcelExport.csproj", "{343E21F9-56AC-42E9-8451-B4A558CC2DA8}"
EndProject
Project("{9A19103F-16F7-4668-BE54-9A1E7A4F7556}") = "PHLibrary.ExcelExportTests", "PHLibrary.ExcelExportTests\PHLibrary.ExcelExportTests.csproj", "{8E865B81-962E-458E-AB69-FBD43D751B02}"
EndProject
Global
	GlobalSection(SolutionConfigurationPlatforms) = preSolution
		Debug|Any CPU = Debug|Any CPU
		Release|Any CPU = Release|Any CPU
	EndGlobalSection
	GlobalSection(ProjectConfigurationPlatforms) = postSolution
		{A67802A1-0F9C-463F-9C57-15C68FE47301}.Debug|Any CPU.ActiveCfg = Debug|Any CPU
		{A67802A1-0F9C-463F-9C57-15C68FE47301}.Debug|Any CPU.Build.0 = Debug|Any CPU
		{A67802A1-0F9C-463F-9C57-15C68FE47301}.Release|Any CPU.ActiveCfg = Release|Any CPU
		{A67802A1-0F9C-463F-9C57-15C68FE47301}.Release|Any CPU.Build.0 = Release|Any CPU
		{8AA93703-A2F7-451F-93D1-024CDECB6F7B}.Debug|Any CPU.ActiveCfg = Debug|Any CPU
		{8AA93703-A2F7-451F-93D1-024CDECB6F7B}.Debug|Any CPU.Build.0 = Debug|Any CPU
		{8AA93703-A2F7-451F-93D1-024CDECB6F7B}.Release|Any CPU.ActiveCfg = Release|Any CPU
		{8AA93703-A2F7-451F-93D1-024CDECB6F7B}.Release|Any CPU.Build.0 = Release|Any CPU
		{4E95C7C2-A00D-4A3A-84A3-9685E68507A0}.Debug|Any CPU.ActiveCfg = Debug|Any CPU
		{4E95C7C2-A00D-4A3A-84A3-9685E68507A0}.Debug|Any CPU.Build.0 = Debug|Any CPU
		{4E95C7C2-A00D-4A3A-84A3-9685E68507A0}.Release|Any CPU.ActiveCfg = Release|Any CPU
		{4E95C7C2-A00D-4A3A-84A3-9685E68507A0}.Release|Any CPU.Build.0 = Release|Any CPU
		{343E21F9-56AC-42E9-8451-B4A558CC2DA8}.Debug|Any CPU.ActiveCfg = Debug|Any CPU
		{343E21F9-56AC-42E9-8451-B4A558CC2DA8}.Debug|Any CPU.Build.0 = Debug|Any CPU
		{343E21F9-56AC-42E9-8451-B4A558CC2DA8}.Release|Any CPU.ActiveCfg = Release|Any CPU
		{343E21F9-56AC-42E9-8451-B4A558CC2DA8}.Release|Any CPU.Build.0 = Release|Any CPU
		{8E865B81-962E-458E-AB69-FBD43D751B02}.Debug|Any CPU.ActiveCfg = Debug|Any CPU
		{8E865B81-962E-458E-AB69-FBD43D751B02}.Debug|Any CPU.Build.0 = Debug|Any CPU
		{8E865B81-962E-458E-AB69-FBD43D751B02}.Release|Any CPU.ActiveCfg = Release|Any CPU
		{8E865B81-962E-458E-AB69-FBD43D751B02}.Release|Any CPU.Build.0 = Release|Any CPU
	EndGlobalSection
	GlobalSection(SolutionProperties) = preSolution
		HideSolutionNode = FALSE
	EndGlobalSection
	GlobalSection(ExtensibilityGlobals) = postSolution
		SolutionGuid = {4B08AECB-348E-4623-BD0A-525C1E79F5F3}
	EndGlobalSection
EndGlobal
